PODS:
  - Alamofire (5.4.3)
  - AlamofireImage (4.2.0):
    - Alamofire (~> 5.4)

DEPENDENCIES:
  - Alamofire (~> 5.4)
  - AlamofireImage (~> 4.2)

SPEC REPOS:
  trunk:
    - Alamofire
    - AlamofireImage

SPEC CHECKSUMS:
  Alamofire: e447a2774a40c996748296fa2c55112fdbbc42f9
  AlamofireImage: 34a2d90b0e5fe6a5605f85ae4b7b01e784c60192

PODFILE CHECKSUM: 488592cba2de2420fc5d454167a3cf64141b6b4e

COCOAPODS: 1.10.2
